// !$*UTF8*$!
{
	archiveVersion = 1;
	classes = {
	};
	objectVersion = 51;
	objects = {

/* Begin PBXBuildFile section */
		00E66C5AB105F4A0F4DD85EF /* Pods_TodoApp.framework in Frameworks */ = {isa = PBXBuildFile; fileRef = D26EBB6547C89E478720D4D4 /* Pods_TodoApp.framework */; };
		0C1104B025E8BFE8004203C3 /* TodoApp.swift in Sources */ = {isa = PBXBuildFile; fileRef = 0C1104AF25E8BFE8004203C3 /* TodoApp.swift */; };
		0C1104B225E8BFE8004203C3 /* ContentView.swift in Sources */ = {isa = PBXBuildFile; fileRef = 0C1104B125E8BFE8004203C3 /* ContentView.swift */; };
		0C1104B425E8BFE9004203C3 /* Assets.xcassets in Resources */ = {isa = PBXBuildFile; fileRef = 0C1104B325E8BFE9004203C3 /* Assets.xcassets */; };
		0C1104B725E8BFE9004203C3 /* Preview Assets.xcassets in Resources */ = {isa = PBXBuildFile; fileRef = 0C1104B625E8BFE9004203C3 /* Preview Assets.xcassets */; };
		0C1104C225E8BFE9004203C3 /* TodoAppTests.swift in Sources */ = {isa = PBXBuildFile; fileRef = 0C1104C125E8BFE9004203C3 /* TodoAppTests.swift */; };
		0C1104CD25E8BFE9004203C3 /* TodoAppUITests.swift in Sources */ = {isa = PBXBuildFile; fileRef = 0C1104CC25E8BFE9004203C3 /* TodoAppUITests.swift */; };
		0C2F737C25F7127400E513BE /* FirestoreRepository.swift in Sources */ = {isa = PBXBuildFile; fileRef = 0C2F737B25F7127400E513BE /* FirestoreRepository.swift */; };
		0C2F738125F712BF00E513BE /* FormViewModel.swift in Sources */ = {isa = PBXBuildFile; fileRef = 0C2F738025F712BF00E513BE /* FormViewModel.swift */; };
		0C401BBA25F59905007B487B /* HomeView.swift in Sources */ = {isa = PBXBuildFile; fileRef = 0C401BB925F59905007B487B /* HomeView.swift */; };
		0C401BC225F5994A007B487B /* FormView.swift in Sources */ = {isa = PBXBuildFile; fileRef = 0C401BC125F5994A007B487B /* FormView.swift */; };
		0C401BC725F5995E007B487B /* SettingView.swift in Sources */ = {isa = PBXBuildFile; fileRef = 0C401BC625F5995E007B487B /* SettingView.swift */; };
		0C401BD325F59C2C007B487B /* BundleRepository.swift in Sources */ = {isa = PBXBuildFile; fileRef = 0C401BD225F59C2C007B487B /* BundleRepository.swift */; };
		0C401BDB25F59E1B007B487B /* SettingViewModel.swift in Sources */ = {isa = PBXBuildFile; fileRef = 0C401BDA25F59E1B007B487B /* SettingViewModel.swift */; };
		0C94BFA725E9CE5500255EB0 /* GoogleService-Info.plist in Resources */ = {isa = PBXBuildFile; fileRef = 0C94BFA625E9CE5500255EB0 /* GoogleService-Info.plist */; };
		0CE5DEE325F6E9E7001CEE62 /* Todo.swift in Sources */ = {isa = PBXBuildFile; fileRef = 0CE5DEE225F6E9E7001CEE62 /* Todo.swift */; };
		0CE5DEEF25F6EAAA001CEE62 /* ViewItem.swift in Sources */ = {isa = PBXBuildFile; fileRef = 0CE5DEEE25F6EAAA001CEE62 /* ViewItem.swift */; };
		0CE5DEFA25F6F5BB001CEE62 /* View.swift in Sources */ = {isa = PBXBuildFile; fileRef = 0CE5DEF925F6F5BB001CEE62 /* View.swift */; };
		6053B1DA1B708CC6AF1C923B /* Pods_TodoApp_TodoAppUITests.framework in Frameworks */ = {isa = PBXBuildFile; fileRef = 4016BDB2C2F6226B74931FFF /* Pods_TodoApp_TodoAppUITests.framework */; };
		69B27F4BB534A90DF090AFB0 /* Pods_TodoAppTests.framework in Frameworks */ = {isa = PBXBuildFile; fileRef = 5078E9F256FF59B0B4951F67 /* Pods_TodoAppTests.framework */; };
/* End PBXBuildFile section */

/* Begin PBXContainerItemProxy section */
		0C1104BE25E8BFE9004203C3 /* PBXContainerItemProxy */ = {
			isa = PBXContainerItemProxy;
			containerPortal = 0C1104A425E8BFE8004203C3 /* Project object */;
			proxyType = 1;
			remoteGlobalIDString = 0C1104AB25E8BFE8004203C3;
			remoteInfo = TodoApp;
		};
		0C1104C925E8BFE9004203C3 /* PBXContainerItemProxy */ = {
			isa = PBXContainerItemProxy;
			containerPortal = 0C1104A425E8BFE8004203C3 /* Project object */;
			proxyType = 1;
			remoteGlobalIDString = 0C1104AB25E8BFE8004203C3;
			remoteInfo = TodoApp;
		};
/* End PBXContainerItemProxy section */

/* Begin PBXFileReference section */
		0C1104AC25E8BFE8004203C3 /* TodoApp.app */ = {isa = PBXFileReference; explicitFileType = wrapper.application; includeInIndex = 0; path = TodoApp.app; sourceTree = BUILT_PRODUCTS_DIR; };
		0C1104AF25E8BFE8004203C3 /* TodoApp.swift */ = {isa = PBXFileReference; lastKnownFileType = sourcecode.swift; path = TodoApp.swift; sourceTree = "<group>"; };
		0C1104B125E8BFE8004203C3 /* ContentView.swift */ = {isa = PBXFileReference; lastKnownFileType = sourcecode.swift; path = ContentView.swift; sourceTree = "<group>"; };
		0C1104B325E8BFE9004203C3 /* Assets.xcassets */ = {isa = PBXFileReference; lastKnownFileType = folder.assetcatalog; path = Assets.xcassets; sourceTree = "<group>"; };
		0C1104B625E8BFE9004203C3 /* Preview Assets.xcassets */ = {isa = PBXFileReference; lastKnownFileType = folder.assetcatalog; path = "Preview Assets.xcassets"; sourceTree = "<group>"; };
		0C1104B825E8BFE9004203C3 /* Info.plist */ = {isa = PBXFileReference; lastKnownFileType = text.plist.xml; path = Info.plist; sourceTree = "<group>"; };
		0C1104BD25E8BFE9004203C3 /* TodoAppTests.xctest */ = {isa = PBXFileReference; explicitFileType = wrapper.cfbundle; includeInIndex = 0; path = TodoAppTests.xctest; sourceTree = BUILT_PRODUCTS_DIR; };
		0C1104C125E8BFE9004203C3 /* TodoAppTests.swift */ = {isa = PBXFileReference; lastKnownFileType = sourcecode.swift; path = TodoAppTests.swift; sourceTree = "<group>"; };
		0C1104C325E8BFE9004203C3 /* Info.plist */ = {isa = PBXFileReference; lastKnownFileType = text.plist.xml; path = Info.plist; sourceTree = "<group>"; };
		0C1104C825E8BFE9004203C3 /* TodoAppUITests.xctest */ = {isa = PBXFileReference; explicitFileType = wrapper.cfbundle; includeInIndex = 0; path = TodoAppUITests.xctest; sourceTree = BUILT_PRODUCTS_DIR; };
		0C1104CC25E8BFE9004203C3 /* TodoAppUITests.swift */ = {isa = PBXFileReference; lastKnownFileType = sourcecode.swift; path = TodoAppUITests.swift; sourceTree = "<group>"; };
		0C1104CE25E8BFE9004203C3 /* Info.plist */ = {isa = PBXFileReference; lastKnownFileType = text.plist.xml; path = Info.plist; sourceTree = "<group>"; };
		0C2F737B25F7127400E513BE /* FirestoreRepository.swift */ = {isa = PBXFileReference; lastKnownFileType = sourcecode.swift; path = FirestoreRepository.swift; sourceTree = "<group>"; };
		0C2F738025F712BF00E513BE /* FormViewModel.swift */ = {isa = PBXFileReference; lastKnownFileType = sourcecode.swift; path = FormViewModel.swift; sourceTree = "<group>"; };
		0C401BB925F59905007B487B /* HomeView.swift */ = {isa = PBXFileReference; lastKnownFileType = sourcecode.swift; path = HomeView.swift; sourceTree = "<group>"; };
		0C401BC125F5994A007B487B /* FormView.swift */ = {isa = PBXFileReference; lastKnownFileType = sourcecode.swift; path = FormView.swift; sourceTree = "<group>"; };
		0C401BC625F5995E007B487B /* SettingView.swift */ = {isa = PBXFileReference; lastKnownFileType = sourcecode.swift; path = SettingView.swift; sourceTree = "<group>"; };
		0C401BD225F59C2C007B487B /* BundleRepository.swift */ = {isa = PBXFileReference; lastKnownFileType = sourcecode.swift; path = BundleRepository.swift; sourceTree = "<group>"; };
		0C401BDA25F59E1B007B487B /* SettingViewModel.swift */ = {isa = PBXFileReference; lastKnownFileType = sourcecode.swift; path = SettingViewModel.swift; sourceTree = "<group>"; };
		0C94BFA625E9CE5500255EB0 /* GoogleService-Info.plist */ = {isa = PBXFileReference; fileEncoding = 4; lastKnownFileType = text.plist.xml; path = "GoogleService-Info.plist"; sourceTree = "<group>"; };
		0CE5DEE225F6E9E7001CEE62 /* Todo.swift */ = {isa = PBXFileReference; lastKnownFileType = sourcecode.swift; path = Todo.swift; sourceTree = "<group>"; };
		0CE5DEEE25F6EAAA001CEE62 /* ViewItem.swift */ = {isa = PBXFileReference; lastKnownFileType = sourcecode.swift; path = ViewItem.swift; sourceTree = "<group>"; };
		0CE5DEF925F6F5BB001CEE62 /* View.swift */ = {isa = PBXFileReference; lastKnownFileType = sourcecode.swift; path = View.swift; sourceTree = "<group>"; };
		338A5B1850DD64B49AFEF923 /* Pods-TodoApp.debug.xcconfig */ = {isa = PBXFileReference; includeInIndex = 1; lastKnownFileType = text.xcconfig; name = "Pods-TodoApp.debug.xcconfig"; path = "Target Support Files/Pods-TodoApp/Pods-TodoApp.debug.xcconfig"; sourceTree = "<group>"; };
		4016BDB2C2F6226B74931FFF /* Pods_TodoApp_TodoAppUITests.framework */ = {isa = PBXFileReference; explicitFileType = wrapper.framework; includeInIndex = 0; path = Pods_TodoApp_TodoAppUITests.framework; sourceTree = BUILT_PRODUCTS_DIR; };
		5078E9F256FF59B0B4951F67 /* Pods_TodoAppTests.framework */ = {isa = PBXFileReference; explicitFileType = wrapper.framework; includeInIndex = 0; path = Pods_TodoAppTests.framework; sourceTree = BUILT_PRODUCTS_DIR; };
		75E09DFFC99EE2125D0F90A1 /* Pods-TodoApp-TodoAppUITests.debug.xcconfig */ = {isa = PBXFileReference; includeInIndex = 1; lastKnownFileType = text.xcconfig; name = "Pods-TodoApp-TodoAppUITests.debug.xcconfig"; path = "Target Support Files/Pods-TodoApp-TodoAppUITests/Pods-TodoApp-TodoAppUITests.debug.xcconfig"; sourceTree = "<group>"; };
		868088B578122ADDDBC89083 /* Pods-TodoAppTests.debug.xcconfig */ = {isa = PBXFileReference; includeInIndex = 1; lastKnownFileType = text.xcconfig; name = "Pods-TodoAppTests.debug.xcconfig"; path = "Target Support Files/Pods-TodoAppTests/Pods-TodoAppTests.debug.xcconfig"; sourceTree = "<group>"; };
		95214F88DDC2BA533D5B7603 /* Pods-TodoAppTests.release.xcconfig */ = {isa = PBXFileReference; includeInIndex = 1; lastKnownFileType = text.xcconfig; name = "Pods-TodoAppTests.release.xcconfig"; path = "Target Support Files/Pods-TodoAppTests/Pods-TodoAppTests.release.xcconfig"; sourceTree = "<group>"; };
		AB8AE77F24B66FE6115D85CF /* Pods-TodoApp-TodoAppUITests.release.xcconfig */ = {isa = PBXFileReference; includeInIndex = 1; lastKnownFileType = text.xcconfig; name = "Pods-TodoApp-TodoAppUITests.release.xcconfig"; path = "Target Support Files/Pods-TodoApp-TodoAppUITests/Pods-TodoApp-TodoAppUITests.release.xcconfig"; sourceTree = "<group>"; };
		CA8916BDA8A022EF70B2C880 /* Pods-TodoApp.release.xcconfig */ = {isa = PBXFileReference; includeInIndex = 1; lastKnownFileType = text.xcconfig; name = "Pods-TodoApp.release.xcconfig"; path = "Target Support Files/Pods-TodoApp/Pods-TodoApp.release.xcconfig"; sourceTree = "<group>"; };
		D26EBB6547C89E478720D4D4 /* Pods_TodoApp.framework */ = {isa = PBXFileReference; explicitFileType = wrapper.framework; includeInIndex = 0; path = Pods_TodoApp.framework; sourceTree = BUILT_PRODUCTS_DIR; };
/* End PBXFileReference section */

/* Begin PBXFrameworksBuildPhase section */
		0C1104A925E8BFE8004203C3 /* Frameworks */ = {
			isa = PBXFrameworksBuildPhase;
			buildActionMask = 2147483647;
			files = (
				00E66C5AB105F4A0F4DD85EF /* Pods_TodoApp.framework in Frameworks */,
			);
			runOnlyForDeploymentPostprocessing = 0;
		};
		0C1104BA25E8BFE9004203C3 /* Frameworks */ = {
			isa = PBXFrameworksBuildPhase;
			buildActionMask = 2147483647;
			files = (
				69B27F4BB534A90DF090AFB0 /* Pods_TodoAppTests.framework in Frameworks */,
			);
			runOnlyForDeploymentPostprocessing = 0;
		};
		0C1104C525E8BFE9004203C3 /* Frameworks */ = {
			isa = PBXFrameworksBuildPhase;
			buildActionMask = 2147483647;
			files = (
				6053B1DA1B708CC6AF1C923B /* Pods_TodoApp_TodoAppUITests.framework in Frameworks */,
			);
			runOnlyForDeploymentPostprocessing = 0;
		};
/* End PBXFrameworksBuildPhase section */

/* Begin PBXGroup section */
		0C1104A325E8BFE8004203C3 = {
			isa = PBXGroup;
			children = (
				0C1104AE25E8BFE8004203C3 /* TodoApp */,
				0C1104C025E8BFE9004203C3 /* TodoAppTests */,
				0C1104CB25E8BFE9004203C3 /* TodoAppUITests */,
				0C1104AD25E8BFE8004203C3 /* Products */,
				B69E420801300216A5FDC2A3 /* Pods */,
				820916C8192C4F6E2C285D2F /* Frameworks */,
			);
			sourceTree = "<group>";
		};
		0C1104AD25E8BFE8004203C3 /* Products */ = {
			isa = PBXGroup;
			children = (
				0C1104AC25E8BFE8004203C3 /* TodoApp.app */,
				0C1104BD25E8BFE9004203C3 /* TodoAppTests.xctest */,
				0C1104C825E8BFE9004203C3 /* TodoAppUITests.xctest */,
			);
			name = Products;
			sourceTree = "<group>";
		};
		0C1104AE25E8BFE8004203C3 /* TodoApp */ = {
			isa = PBXGroup;
			children = (
				0C1104AF25E8BFE8004203C3 /* TodoApp.swift */,
				0C94BFA625E9CE5500255EB0 /* GoogleService-Info.plist */,
				0CE5DEE725F6EA79001CEE62 /* Extension */,
				0C401BCB25F59AD9007B487B /* Models */,
				0C401BB725F598B1007B487B /* Repositories */,
				0C401BB825F598B7007B487B /* Pages */,
				0C1104B325E8BFE9004203C3 /* Assets.xcassets */,
				0C1104B825E8BFE9004203C3 /* Info.plist */,
				0C1104B525E8BFE9004203C3 /* Preview Content */,
			);
			path = TodoApp;
			sourceTree = "<group>";
		};
		0C1104B525E8BFE9004203C3 /* Preview Content */ = {
			isa = PBXGroup;
			children = (
				0C1104B625E8BFE9004203C3 /* Preview Assets.xcassets */,
			);
			path = "Preview Content";
			sourceTree = "<group>";
		};
		0C1104C025E8BFE9004203C3 /* TodoAppTests */ = {
			isa = PBXGroup;
			children = (
				0C1104C125E8BFE9004203C3 /* TodoAppTests.swift */,
				0C1104C325E8BFE9004203C3 /* Info.plist */,
			);
			path = TodoAppTests;
			sourceTree = "<group>";
		};
		0C1104CB25E8BFE9004203C3 /* TodoAppUITests */ = {
			isa = PBXGroup;
			children = (
				0C1104CC25E8BFE9004203C3 /* TodoAppUITests.swift */,
				0C1104CE25E8BFE9004203C3 /* Info.plist */,
			);
			path = TodoAppUITests;
			sourceTree = "<group>";
		};
		0C401BB725F598B1007B487B /* Repositories */ = {
			isa = PBXGroup;
			children = (
				0C401BD225F59C2C007B487B /* BundleRepository.swift */,
				0C2F737B25F7127400E513BE /* FirestoreRepository.swift */,
			);
			path = Repositories;
			sourceTree = "<group>";
		};
		0C401BB825F598B7007B487B /* Pages */ = {
			isa = PBXGroup;
			children = (
				0C1104B125E8BFE8004203C3 /* ContentView.swift */,
				0CE5DEEE25F6EAAA001CEE62 /* ViewItem.swift */,
				0C401BD125F59B35007B487B /* Home */,
				0C401BD025F59B2C007B487B /* Form */,
				0C401BCF25F59B20007B487B /* Setting */,
			);
			path = Pages;
			sourceTree = "<group>";
		};
		0C401BCB25F59AD9007B487B /* Models */ = {
			isa = PBXGroup;
			children = (
				0CE5DEE225F6E9E7001CEE62 /* Todo.swift */,
			);
			path = Models;
			sourceTree = "<group>";
		};
		0C401BCF25F59B20007B487B /* Setting */ = {
			isa = PBXGroup;
			children = (
				0C401BC625F5995E007B487B /* SettingView.swift */,
				0C401BDA25F59E1B007B487B /* SettingViewModel.swift */,
			);
			path = Setting;
			sourceTree = "<group>";
		};
		0C401BD025F59B2C007B487B /* Form */ = {
			isa = PBXGroup;
			children = (
				0C401BC125F5994A007B487B /* FormView.swift */,
				0C2F738025F712BF00E513BE /* FormViewModel.swift */,
			);
			path = Form;
			sourceTree = "<group>";
		};
		0C401BD125F59B35007B487B /* Home */ = {
			isa = PBXGroup;
			children = (
				0C401BB925F59905007B487B /* HomeView.swift */,
			);
			path = Home;
			sourceTree = "<group>";
		};
		0CE5DEE725F6EA79001CEE62 /* Extension */ = {
			isa = PBXGroup;
			children = (
				0CE5DEF925F6F5BB001CEE62 /* View.swift */,
			);
			path = Extension;
			sourceTree = "<group>";
		};
		820916C8192C4F6E2C285D2F /* Frameworks */ = {
			isa = PBXGroup;
			children = (
				D26EBB6547C89E478720D4D4 /* Pods_TodoApp.framework */,
				4016BDB2C2F6226B74931FFF /* Pods_TodoApp_TodoAppUITests.framework */,
				5078E9F256FF59B0B4951F67 /* Pods_TodoAppTests.framework */,
			);
			name = Frameworks;
			sourceTree = "<group>";
		};
		B69E420801300216A5FDC2A3 /* Pods */ = {
			isa = PBXGroup;
			children = (
				338A5B1850DD64B49AFEF923 /* Pods-TodoApp.debug.xcconfig */,
				CA8916BDA8A022EF70B2C880 /* Pods-TodoApp.release.xcconfig */,
				75E09DFFC99EE2125D0F90A1 /* Pods-TodoApp-TodoAppUITests.debug.xcconfig */,
				AB8AE77F24B66FE6115D85CF /* Pods-TodoApp-TodoAppUITests.release.xcconfig */,
				868088B578122ADDDBC89083 /* Pods-TodoAppTests.debug.xcconfig */,
				95214F88DDC2BA533D5B7603 /* Pods-TodoAppTests.release.xcconfig */,
			);
			path = Pods;
			sourceTree = "<group>";
		};
/* End PBXGroup section */

/* Begin PBXNativeTarget section */
		0C1104AB25E8BFE8004203C3 /* TodoApp */ = {
			isa = PBXNativeTarget;
			buildConfigurationList = 0C1104D125E8BFE9004203C3 /* Build configuration list for PBXNativeTarget "TodoApp" */;
			buildPhases = (
				B5A2DCB95A57C75EB8C55D95 /* [CP] Check Pods Manifest.lock */,
				0C1104A825E8BFE8004203C3 /* Sources */,
				0C1104A925E8BFE8004203C3 /* Frameworks */,
				0C1104AA25E8BFE8004203C3 /* Resources */,
				77C2B46F95FED4B1FCE967BB /* [CP] Embed Pods Frameworks */,
			);
			buildRules = (
			);
			dependencies = (
			);
			name = TodoApp;
			productName = TodoApp;
			productReference = 0C1104AC25E8BFE8004203C3 /* TodoApp.app */;
			productType = "com.apple.product-type.application";
		};
		0C1104BC25E8BFE9004203C3 /* TodoAppTests */ = {
			isa = PBXNativeTarget;
			buildConfigurationList = 0C1104D425E8BFE9004203C3 /* Build configuration list for PBXNativeTarget "TodoAppTests" */;
			buildPhases = (
				1A1604E7A696A45084558CF1 /* [CP] Check Pods Manifest.lock */,
				0C1104B925E8BFE9004203C3 /* Sources */,
				0C1104BA25E8BFE9004203C3 /* Frameworks */,
				0C1104BB25E8BFE9004203C3 /* Resources */,
			);
			buildRules = (
			);
			dependencies = (
				0C1104BF25E8BFE9004203C3 /* PBXTargetDependency */,
			);
			name = TodoAppTests;
			productName = TodoAppTests;
			productReference = 0C1104BD25E8BFE9004203C3 /* TodoAppTests.xctest */;
			productType = "com.apple.product-type.bundle.unit-test";
		};
		0C1104C725E8BFE9004203C3 /* TodoAppUITests */ = {
			isa = PBXNativeTarget;
			buildConfigurationList = 0C1104D725E8BFE9004203C3 /* Build configuration list for PBXNativeTarget "TodoAppUITests" */;
			buildPhases = (
				8AE41584C4371729103FF1E2 /* [CP] Check Pods Manifest.lock */,
				0C1104C425E8BFE9004203C3 /* Sources */,
				0C1104C525E8BFE9004203C3 /* Frameworks */,
				0C1104C625E8BFE9004203C3 /* Resources */,
				CC8A4C353C4436F72E87A1D6 /* [CP] Embed Pods Frameworks */,
			);
			buildRules = (
			);
			dependencies = (
				0C1104CA25E8BFE9004203C3 /* PBXTargetDependency */,
			);
			name = TodoAppUITests;
			productName = TodoAppUITests;
			productReference = 0C1104C825E8BFE9004203C3 /* TodoAppUITests.xctest */;
			productType = "com.apple.product-type.bundle.ui-testing";
		};
/* End PBXNativeTarget section */

/* Begin PBXProject section */
		0C1104A425E8BFE8004203C3 /* Project object */ = {
			isa = PBXProject;
			attributes = {
				LastSwiftUpdateCheck = 1240;
				LastUpgradeCheck = 1240;
				TargetAttributes = {
					0C1104AB25E8BFE8004203C3 = {
						CreatedOnToolsVersion = 12.4;
					};
					0C1104BC25E8BFE9004203C3 = {
						CreatedOnToolsVersion = 12.4;
						TestTargetID = 0C1104AB25E8BFE8004203C3;
					};
					0C1104C725E8BFE9004203C3 = {
						CreatedOnToolsVersion = 12.4;
						TestTargetID = 0C1104AB25E8BFE8004203C3;
					};
				};
			};
			buildConfigurationList = 0C1104A725E8BFE8004203C3 /* Build configuration list for PBXProject "TodoApp" */;
			compatibilityVersion = "Xcode 9.3";
			developmentRegion = en;
			hasScannedForEncodings = 0;
			knownRegions = (
				en,
				Base,
			);
			mainGroup = 0C1104A325E8BFE8004203C3;
			productRefGroup = 0C1104AD25E8BFE8004203C3 /* Products */;
			projectDirPath = "";
			projectRoot = "";
			targets = (
				0C1104AB25E8BFE8004203C3 /* TodoApp */,
				0C1104BC25E8BFE9004203C3 /* TodoAppTests */,
				0C1104C725E8BFE9004203C3 /* TodoAppUITests */,
			);
		};
/* End PBXProject section */

/* Begin PBXResourcesBuildPhase section */
		0C1104AA25E8BFE8004203C3 /* Resources */ = {
			isa = PBXResourcesBuildPhase;
			buildActionMask = 2147483647;
			files = (
				0C1104B725E8BFE9004203C3 /* Preview Assets.xcassets in Resources */,
				0C1104B425E8BFE9004203C3 /* Assets.xcassets in Resources */,
				0C94BFA725E9CE5500255EB0 /* GoogleService-Info.plist in Resources */,
			);
			runOnlyForDeploymentPostprocessing = 0;
		};
		0C1104BB25E8BFE9004203C3 /* Resources */ = {
			isa = PBXResourcesBuildPhase;
			buildActionMask = 2147483647;
			files = (
			);
			runOnlyForDeploymentPostprocessing = 0;
		};
		0C1104C625E8BFE9004203C3 /* Resources */ = {
			isa = PBXResourcesBuildPhase;
			buildActionMask = 2147483647;
			files = (
			);
			runOnlyForDeploymentPostprocessing = 0;
		};
/* End PBXResourcesBuildPhase section */

/* Begin PBXShellScriptBuildPhase section */
		1A1604E7A696A45084558CF1 /* [CP] Check Pods Manifest.lock */ = {
			isa = PBXShellScriptBuildPhase;
			buildActionMask = 2147483647;
			files = (
			);
			inputFileListPaths = (
			);
			inputPaths = (
				"${PODS_PODFILE_DIR_PATH}/Podfile.lock",
				"${PODS_ROOT}/Manifest.lock",
			);
			name = "[CP] Check Pods Manifest.lock";
			outputFileListPaths = (
			);
			outputPaths = (
				"$(DERIVED_FILE_DIR)/Pods-TodoAppTests-checkManifestLockResult.txt",
			);
			runOnlyForDeploymentPostprocessing = 0;
			shellPath = /bin/sh;
			shellScript = "diff \"${PODS_PODFILE_DIR_PATH}/Podfile.lock\" \"${PODS_ROOT}/Manifest.lock\" > /dev/null\nif [ $? != 0 ] ; then\n    # print error to STDERR\n    echo \"error: The sandbox is not in sync with the Podfile.lock. Run 'pod install' or update your CocoaPods installation.\" >&2\n    exit 1\nfi\n# This output is used by Xcode 'outputs' to avoid re-running this script phase.\necho \"SUCCESS\" > \"${SCRIPT_OUTPUT_FILE_0}\"\n";
			showEnvVarsInLog = 0;
		};
		77C2B46F95FED4B1FCE967BB /* [CP] Embed Pods Frameworks */ = {
			isa = PBXShellScriptBuildPhase;
			buildActionMask = 2147483647;
			files = (
			);
			inputFileListPaths = (
				"${PODS_ROOT}/Target Support Files/Pods-TodoApp/Pods-TodoApp-frameworks-${CONFIGURATION}-input-files.xcfilelist",
			);
			name = "[CP] Embed Pods Frameworks";
			outputFileListPaths = (
				"${PODS_ROOT}/Target Support Files/Pods-TodoApp/Pods-TodoApp-frameworks-${CONFIGURATION}-output-files.xcfilelist",
			);
			runOnlyForDeploymentPostprocessing = 0;
			shellPath = /bin/sh;
			shellScript = "\"${PODS_ROOT}/Target Support Files/Pods-TodoApp/Pods-TodoApp-frameworks.sh\"\n";
			showEnvVarsInLog = 0;
		};
		8AE41584C4371729103FF1E2 /* [CP] Check Pods Manifest.lock */ = {
			isa = PBXShellScriptBuildPhase;
			buildActionMask = 2147483647;
			files = (
			);
			inputFileListPaths = (
			);
			inputPaths = (
				"${PODS_PODFILE_DIR_PATH}/Podfile.lock",
				"${PODS_ROOT}/Manifest.lock",
			);
			name = "[CP] Check Pods Manifest.lock";
			outputFileListPaths = (
			);
			outputPaths = (
				"$(DERIVED_FILE_DIR)/Pods-TodoApp-TodoAppUITests-checkManifestLockResult.txt",
			);
			runOnlyForDeploymentPostprocessing = 0;
			shellPath = /bin/sh;
			shellScript = "diff \"${PODS_PODFILE_DIR_PATH}/Podfile.lock\" \"${PODS_ROOT}/Manifest.lock\" > /dev/null\nif [ $? != 0 ] ; then\n    # print error to STDERR\n    echo \"error: The sandbox is not in sync with the Podfile.lock. Run 'pod install' or update your CocoaPods installation.\" >&2\n    exit 1\nfi\n# This output is used by Xcode 'outputs' to avoid re-running this script phase.\necho \"SUCCESS\" > \"${SCRIPT_OUTPUT_FILE_0}\"\n";
			showEnvVarsInLog = 0;
		};
		B5A2DCB95A57C75EB8C55D95 /* [CP] Check Pods Manifest.lock */ = {
			isa = PBXShellScriptBuildPhase;
			buildActionMask = 2147483647;
			files = (
			);
			inputFileListPaths = (
			);
			inputPaths = (
				"${PODS_PODFILE_DIR_PATH}/Podfile.lock",
				"${PODS_ROOT}/Manifest.lock",
			);
			name = "[CP] Check Pods Manifest.lock";
			outputFileListPaths = (
			);
			outputPaths = (
				"$(DERIVED_FILE_DIR)/Pods-TodoApp-checkManifestLockResult.txt",
			);
			runOnlyForDeploymentPostprocessing = 0;
			shellPath = /bin/sh;
			shellScript = "diff \"${PODS_PODFILE_DIR_PATH}/Podfile.lock\" \"${PODS_ROOT}/Manifest.lock\" > /dev/null\nif [ $? != 0 ] ; then\n    # print error to STDERR\n    echo \"error: The sandbox is not in sync with the Podfile.lock. Run 'pod install' or update your CocoaPods installation.\" >&2\n    exit 1\nfi\n# This output is used by Xcode 'outputs' to avoid re-running this script phase.\necho \"SUCCESS\" > \"${SCRIPT_OUTPUT_FILE_0}\"\n";
			showEnvVarsInLog = 0;
		};
		CC8A4C353C4436F72E87A1D6 /* [CP] Embed Pods Frameworks */ = {
			isa = PBXShellScriptBuildPhase;
			buildActionMask = 2147483647;
			files = (
			);
			inputFileListPaths = (
				"${PODS_ROOT}/Target Support Files/Pods-TodoApp-TodoAppUITests/Pods-TodoApp-TodoAppUITests-frameworks-${CONFIGURATION}-input-files.xcfilelist",
			);
			name = "[CP] Embed Pods Frameworks";
			outputFileListPaths = (
				"${PODS_ROOT}/Target Support Files/Pods-TodoApp-TodoAppUITests/Pods-TodoApp-TodoAppUITests-frameworks-${CONFIGURATION}-output-files.xcfilelist",
			);
			runOnlyForDeploymentPostprocessing = 0;
			shellPath = /bin/sh;
			shellScript = "\"${PODS_ROOT}/Target Support Files/Pods-TodoApp-TodoAppUITests/Pods-TodoApp-TodoAppUITests-frameworks.sh\"\n";
			showEnvVarsInLog = 0;
		};
/* End PBXShellScriptBuildPhase section */

/* Begin PBXSourcesBuildPhase section */
		0C1104A825E8BFE8004203C3 /* Sources */ = {
			isa = PBXSourcesBuildPhase;
			buildActionMask = 2147483647;
			files = (
				0C401BC225F5994A007B487B /* FormView.swift in Sources */,
				0C401BDB25F59E1B007B487B /* SettingViewModel.swift in Sources */,
				0CE5DEFA25F6F5BB001CEE62 /* View.swift in Sources */,
				0C401BC725F5995E007B487B /* SettingView.swift in Sources */,
				0CE5DEEF25F6EAAA001CEE62 /* ViewItem.swift in Sources */,
				0CE5DEE325F6E9E7001CEE62 /* Todo.swift in Sources */,
				0C2F738125F712BF00E513BE /* FormViewModel.swift in Sources */,
				0C401BBA25F59905007B487B /* HomeView.swift in Sources */,
				0C1104B225E8BFE8004203C3 /* ContentView.swift in Sources */,
				0C1104B025E8BFE8004203C3 /* TodoApp.swift in Sources */,
				0C401BD325F59C2C007B487B /* BundleRepository.swift in Sources */,
				0C2F737C25F7127400E513BE /* FirestoreRepository.swift in Sources */,
			);
			runOnlyForDeploymentPostprocessing = 0;
		};
		0C1104B925E8BFE9004203C3 /* Sources */ = {
			isa = PBXSourcesBuildPhase;
			buildActionMask = 2147483647;
			files = (
				0C1104C225E8BFE9004203C3 /* TodoAppTests.swift in Sources */,
			);
			runOnlyForDeploymentPostprocessing = 0;
		};
		0C1104C425E8BFE9004203C3 /* Sources */ = {
			isa = PBXSourcesBuildPhase;
			buildActionMask = 2147483647;
			files = (
				0C1104CD25E8BFE9004203C3 /* TodoAppUITests.swift in Sources */,
			);
			runOnlyForDeploymentPostprocessing = 0;
		};
/* End PBXSourcesBuildPhase section */

/* Begin PBXTargetDependency section */
		0C1104BF25E8BFE9004203C3 /* PBXTargetDependency */ = {
			isa = PBXTargetDependency;
			target = 0C1104AB25E8BFE8004203C3 /* TodoApp */;
			targetProxy = 0C1104BE25E8BFE9004203C3 /* PBXContainerItemProxy */;
		};
		0C1104CA25E8BFE9004203C3 /* PBXTargetDependency */ = {
			isa = PBXTargetDependency;
			target = 0C1104AB25E8BFE8004203C3 /* TodoApp */;
			targetProxy = 0C1104C925E8BFE9004203C3 /* PBXContainerItemProxy */;
		};
/* End PBXTargetDependency section */

/* Begin XCBuildConfiguration section */
		0C1104CF25E8BFE9004203C3 /* Debug */ = {
			isa = XCBuildConfiguration;
			buildSettings = {
				ALWAYS_SEARCH_USER_PATHS = NO;
				CLANG_ANALYZER_NONNULL = YES;
				CLANG_ANALYZER_NUMBER_OBJECT_CONVERSION = YES_AGGRESSIVE;
				CLANG_CXX_LANGUAGE_STANDARD = "gnu++14";
				CLANG_CXX_LIBRARY = "libc++";
				CLANG_ENABLE_MODULES = YES;
				CLANG_ENABLE_OBJC_ARC = YES;
				CLANG_ENABLE_OBJC_WEAK = YES;
				CLANG_WARN_BLOCK_CAPTURE_AUTORELEASING = YES;
				CLANG_WARN_BOOL_CONVERSION = YES;
				CLANG_WARN_COMMA = YES;
				CLANG_WARN_CONSTANT_CONVERSION = YES;
				CLANG_WARN_DEPRECATED_OBJC_IMPLEMENTATIONS = YES;
				CLANG_WARN_DIRECT_OBJC_ISA_USAGE = YES_ERROR;
				CLANG_WARN_DOCUMENTATION_COMMENTS = YES;
				CLANG_WARN_EMPTY_BODY = YES;
				CLANG_WARN_ENUM_CONVERSION = YES;
				CLANG_WARN_INFINITE_RECURSION = YES;
				CLANG_WARN_INT_CONVERSION = YES;
				CLANG_WARN_NON_LITERAL_NULL_CONVERSION = YES;
				CLANG_WARN_OBJC_IMPLICIT_RETAIN_SELF = YES;
				CLANG_WARN_OBJC_LITERAL_CONVERSION = YES;
				CLANG_WARN_OBJC_ROOT_CLASS = YES_ERROR;
				CLANG_WARN_QUOTED_INCLUDE_IN_FRAMEWORK_HEADER = YES;
				CLANG_WARN_RANGE_LOOP_ANALYSIS = YES;
				CLANG_WARN_STRICT_PROTOTYPES = YES;
				CLANG_WARN_SUSPICIOUS_MOVE = YES;
				CLANG_WARN_UNGUARDED_AVAILABILITY = YES_AGGRESSIVE;
				CLANG_WARN_UNREACHABLE_CODE = YES;
				CLANG_WARN__DUPLICATE_METHOD_MATCH = YES;
				COPY_PHASE_STRIP = NO;
				DEBUG_INFORMATION_FORMAT = dwarf;
				ENABLE_STRICT_OBJC_MSGSEND = YES;
				ENABLE_TESTABILITY = YES;
				GCC_C_LANGUAGE_STANDARD = gnu11;
				GCC_DYNAMIC_NO_PIC = NO;
				GCC_NO_COMMON_BLOCKS = YES;
				GCC_OPTIMIZATION_LEVEL = 0;
				GCC_PREPROCESSOR_DEFINITIONS = (
					"DEBUG=1",
					"$(inherited)",
				);
				GCC_WARN_64_TO_32_BIT_CONVERSION = YES;
				GCC_WARN_ABOUT_RETURN_TYPE = YES_ERROR;
				GCC_WARN_UNDECLARED_SELECTOR = YES;
				GCC_WARN_UNINITIALIZED_AUTOS = YES_AGGRESSIVE;
				GCC_WARN_UNUSED_FUNCTION = YES;
				GCC_WARN_UNUSED_VARIABLE = YES;
				IPHONEOS_DEPLOYMENT_TARGET = 14.4;
				MTL_ENABLE_DEBUG_INFO = INCLUDE_SOURCE;
				MTL_FAST_MATH = YES;
				ONLY_ACTIVE_ARCH = YES;
				SDKROOT = iphoneos;
				SWIFT_ACTIVE_COMPILATION_CONDITIONS = DEBUG;
				SWIFT_OPTIMIZATION_LEVEL = "-Onone";
			};
			name = Debug;
		};
		0C1104D025E8BFE9004203C3 /* Release */ = {
			isa = XCBuildConfiguration;
			buildSettings = {
				ALWAYS_SEARCH_USER_PATHS = NO;
				CLANG_ANALYZER_NONNULL = YES;
				CLANG_ANALYZER_NUMBER_OBJECT_CONVERSION = YES_AGGRESSIVE;
				CLANG_CXX_LANGUAGE_STANDARD = "gnu++14";
				CLANG_CXX_LIBRARY = "libc++";
				CLANG_ENABLE_MODULES = YES;
				CLANG_ENABLE_OBJC_ARC = YES;
				CLANG_ENABLE_OBJC_WEAK = YES;
				CLANG_WARN_BLOCK_CAPTURE_AUTORELEASING = YES;
				CLANG_WARN_BOOL_CONVERSION = YES;
				CLANG_WARN_COMMA = YES;
				CLANG_WARN_CONSTANT_CONVERSION = YES;
				CLANG_WARN_DEPRECATED_OBJC_IMPLEMENTATIONS = YES;
				CLANG_WARN_DIRECT_OBJC_ISA_USAGE = YES_ERROR;
				CLANG_WARN_DOCUMENTATION_COMMENTS = YES;
				CLANG_WARN_EMPTY_BODY = YES;
				CLANG_WARN_ENUM_CONVERSION = YES;
				CLANG_WARN_INFINITE_RECURSION = YES;
				CLANG_WARN_INT_CONVERSION = YES;
				CLANG_WARN_NON_LITERAL_NULL_CONVERSION = YES;
				CLANG_WARN_OBJC_IMPLICIT_RETAIN_SELF = YES;
				CLANG_WARN_OBJC_LITERAL_CONVERSION = YES;
				CLANG_WARN_OBJC_ROOT_CLASS = YES_ERROR;
				CLANG_WARN_QUOTED_INCLUDE_IN_FRAMEWORK_HEADER = YES;
				CLANG_WARN_RANGE_LOOP_ANALYSIS = YES;
				CLANG_WARN_STRICT_PROTOTYPES = YES;
				CLANG_WARN_SUSPICIOUS_MOVE = YES;
				CLANG_WARN_UNGUARDED_AVAILABILITY = YES_AGGRESSIVE;
				CLANG_WARN_UNREACHABLE_CODE = YES;
				CLANG_WARN__DUPLICATE_METHOD_MATCH = YES;
				COPY_PHASE_STRIP = NO;
				DEBUG_INFORMATION_FORMAT = "dwarf-with-dsym";
				ENABLE_NS_ASSERTIONS = NO;
				ENABLE_STRICT_OBJC_MSGSEND = YES;
				GCC_C_LANGUAGE_STANDARD = gnu11;
				GCC_NO_COMMON_BLOCKS = YES;
				GCC_WARN_64_TO_32_BIT_CONVERSION = YES;
				GCC_WARN_ABOUT_RETURN_TYPE = YES_ERROR;
				GCC_WARN_UNDECLARED_SELECTOR = YES;
				GCC_WARN_UNINITIALIZED_AUTOS = YES_AGGRESSIVE;
				GCC_WARN_UNUSED_FUNCTION = YES;
				GCC_WARN_UNUSED_VARIABLE = YES;
				IPHONEOS_DEPLOYMENT_TARGET = 14.4;
				MTL_ENABLE_DEBUG_INFO = NO;
				MTL_FAST_MATH = YES;
				SDKROOT = iphoneos;
				SWIFT_COMPILATION_MODE = wholemodule;
				SWIFT_OPTIMIZATION_LEVEL = "-O";
				VALIDATE_PRODUCT = YES;
			};
			name = Release;
		};
		0C1104D225E8BFE9004203C3 /* Debug */ = {
			isa = XCBuildConfiguration;
			baseConfigurationReference = 338A5B1850DD64B49AFEF923 /* Pods-TodoApp.debug.xcconfig */;
			buildSettings = {
				ASSETCATALOG_COMPILER_APPICON_NAME = AppIcon;
				ASSETCATALOG_COMPILER_GLOBAL_ACCENT_COLOR_NAME = AccentColor;
				CODE_SIGN_STYLE = Automatic;
				DEVELOPMENT_ASSET_PATHS = "\"TodoApp/Preview Content\"";
				DEVELOPMENT_TEAM = 4AS3CXE83Y;
				ENABLE_PREVIEWS = YES;
				INFOPLIST_FILE = TodoApp/Info.plist;
				IPHONEOS_DEPLOYMENT_TARGET = 14.0;
				LD_RUNPATH_SEARCH_PATHS = (
					"$(inherited)",
					"@executable_path/Frameworks",
				);
				MARKETING_VERSION = 1.0.0;
				PRODUCT_BUNDLE_IDENTIFIER = com.sample.port.TodoApp;
				PRODUCT_NAME = "$(TARGET_NAME)";
				SWIFT_VERSION = 5.0;
				TARGETED_DEVICE_FAMILY = "1,2";
			};
			name = Debug;
		};
		0C1104D325E8BFE9004203C3 /* Release */ = {
			isa = XCBuildConfiguration;
			baseConfigurationReference = CA8916BDA8A022EF70B2C880 /* Pods-TodoApp.release.xcconfig */;
			buildSettings = {
				ASSETCATALOG_COMPILER_APPICON_NAME = AppIcon;
				ASSETCATALOG_COMPILER_GLOBAL_ACCENT_COLOR_NAME = AccentColor;
				CODE_SIGN_STYLE = Automatic;
				DEVELOPMENT_ASSET_PATHS = "\"TodoApp/Preview Content\"";
				DEVELOPMENT_TEAM = 4AS3CXE83Y;
				ENABLE_PREVIEWS = YES;
				INFOPLIST_FILE = TodoApp/Info.plist;
				IPHONEOS_DEPLOYMENT_TARGET = 14.0;
				LD_RUNPATH_SEARCH_PATHS = (
					"$(inherited)",
					"@executable_path/Frameworks",
				);
				MARKETING_VERSION = 1.0.0;
				PRODUCT_BUNDLE_IDENTIFIER = com.sample.port.TodoApp;
				PRODUCT_NAME = "$(TARGET_NAME)";
				SWIFT_VERSION = 5.0;
				TARGETED_DEVICE_FAMILY = "1,2";
			};
			name = Release;
		};
		0C1104D525E8BFE9004203C3 /* Debug */ = {
			isa = XCBuildConfiguration;
			baseConfigurationReference = 868088B578122ADDDBC89083 /* Pods-TodoAppTests.debug.xcconfig */;
			buildSettings = {
				ALWAYS_EMBED_SWIFT_STANDARD_LIBRARIES = YES;
				BUNDLE_LOADER = "$(TEST_HOST)";
				CODE_SIGN_STYLE = Automatic;
				DEVELOPMENT_TEAM = 4AS3CXE83Y;
				INFOPLIST_FILE = TodoAppTests/Info.plist;
				IPHONEOS_DEPLOYMENT_TARGET = 14.0;
				LD_RUNPATH_SEARCH_PATHS = (
					"$(inherited)",
					"@executable_path/Frameworks",
					"@loader_path/Frameworks",
				);
				PRODUCT_BUNDLE_IDENTIFIER = com.sample.port.TodoAppTests;
				PRODUCT_NAME = "$(TARGET_NAME)";
				SWIFT_VERSION = 5.0;
				TARGETED_DEVICE_FAMILY = "1,2";
				TEST_HOST = "$(BUILT_PRODUCTS_DIR)/TodoApp.app/TodoApp";
			};
			name = Debug;
		};
		0C1104D625E8BFE9004203C3 /* Release */ = {
			isa = XCBuildConfiguration;
			baseConfigurationReference = 95214F88DDC2BA533D5B7603 /* Pods-TodoAppTests.release.xcconfig */;
			buildSettings = {
				ALWAYS_EMBED_SWIFT_STANDARD_LIBRARIES = YES;
				BUNDLE_LOADER = "$(TEST_HOST)";
				CODE_SIGN_STYLE = Automatic;
				DEVELOPMENT_TEAM = 4AS3CXE83Y;
				INFOPLIST_FILE = TodoAppTests/Info.plist;
				IPHONEOS_DEPLOYMENT_TARGET = 14.0;
				LD_RUNPATH_SEARCH_PATHS = (
					"$(inherited)",
					"@executable_path/Frameworks",
					"@loader_path/Frameworks",
				);
				PRODUCT_BUNDLE_IDENTIFIER = com.sample.port.TodoAppTests;
				PRODUCT_NAME = "$(TARGET_NAME)";
				SWIFT_VERSION = 5.0;
				TARGETED_DEVICE_FAMILY = "1,2";
				TEST_HOST = "$(BUILT_PRODUCTS_DIR)/TodoApp.app/TodoApp";
			};
			name = Release;
		};
		0C1104D825E8BFE9004203C3 /* Debug */ = {
			isa = XCBuildConfiguration;
			baseConfigurationReference = 75E09DFFC99EE2125D0F90A1 /* Pods-TodoApp-TodoAppUITests.debug.xcconfig */;
			buildSettings = {
				ALWAYS_EMBED_SWIFT_STANDARD_LIBRARIES = YES;
				CODE_SIGN_STYLE = Automatic;
				DEVELOPMENT_TEAM = 4AS3CXE83Y;
				INFOPLIST_FILE = TodoAppUITests/Info.plist;
				LD_RUNPATH_SEARCH_PATHS = (
					"$(inherited)",
					"@executable_path/Frameworks",
					"@loader_path/Frameworks",
				);
				PRODUCT_BUNDLE_IDENTIFIER = com.sample.port.TodoAppUITests;
				PRODUCT_NAME = "$(TARGET_NAME)";
				SWIFT_VERSION = 5.0;
				TARGETED_DEVICE_FAMILY = "1,2";
				TEST_TARGET_NAME = TodoApp;
			};
			name = Debug;
		};
		0C1104D925E8BFE9004203C3 /* Release */ = {
			isa = XCBuildConfiguration;
			baseConfigurationReference = AB8AE77F24B66FE6115D85CF /* Pods-TodoApp-TodoAppUITests.release.xcconfig */;
			buildSettings = {
				ALWAYS_EMBED_SWIFT_STANDARD_LIBRARIES = YES;
				CODE_SIGN_STYLE = Automatic;
				DEVELOPMENT_TEAM = 4AS3CXE83Y;
				INFOPLIST_FILE = TodoAppUITests/Info.plist;
				LD_RUNPATH_SEARCH_PATHS = (
					"$(inherited)",
					"@executable_path/Frameworks",
					"@loader_path/Frameworks",
				);
				PRODUCT_BUNDLE_IDENTIFIER = com.sample.port.TodoAppUITests;
				PRODUCT_NAME = "$(TARGET_NAME)";
				SWIFT_VERSION = 5.0;
				TARGETED_DEVICE_FAMILY = "1,2";
				TEST_TARGET_NAME = TodoApp;
			};
			name = Release;
		};
/* End XCBuildConfiguration section */

/* Begin XCConfigurationList section */
		0C1104A725E8BFE8004203C3 /* Build configuration list for PBXProject "TodoApp" */ = {
			isa = XCConfigurationList;
			buildConfigurations = (
				0C1104CF25E8BFE9004203C3 /* Debug */,
				0C1104D025E8BFE9004203C3 /* Release */,
			);
			defaultConfigurationIsVisible = 0;
			defaultConfigurationName = Release;
		};
		0C1104D125E8BFE9004203C3 /* Build configuration list for PBXNativeTarget "TodoApp" */ = {
			isa = XCConfigurationList;
			buildConfigurations = (
				0C1104D225E8BFE9004203C3 /* Debug */,
				0C1104D325E8BFE9004203C3 /* Release */,
			);
			defaultConfigurationIsVisible = 0;
			defaultConfigurationName = Release;
		};
		0C1104D425E8BFE9004203C3 /* Build configuration list for PBXNativeTarget "TodoAppTests" */ = {
			isa = XCConfigurationList;
			buildConfigurations = (
				0C1104D525E8BFE9004203C3 /* Debug */,
				0C1104D625E8BFE9004203C3 /* Release */,
			);
			defaultConfigurationIsVisible = 0;
			defaultConfigurationName = Release;
		};
		0C1104D725E8BFE9004203C3 /* Build configuration list for PBXNativeTarget "TodoAppUITests" */ = {
			isa = XCConfigurationList;
			buildConfigurations = (
				0C1104D825E8BFE9004203C3 /* Debug */,
				0C1104D925E8BFE9004203C3 /* Release */,
			);
			defaultConfigurationIsVisible = 0;
			defaultConfigurationName = Release;
		};
/* End XCConfigurationList section */
	};
	rootObject = 0C1104A425E8BFE8004203C3 /* Project object */;
}
